PODS:
  - Alamofire (4.0.1)
  - AlamofireObjectMapper (4.0.0):
    - Alamofire (~> 4.0)
    - ObjectMapper (~> 2.0)
  - CocoaLumberjack/Core (3.0.0)
  - CocoaLumberjack/Default (3.0.0):
    - CocoaLumberjack/Core
  - CocoaLumberjack/Extensions (3.0.0):
    - CocoaLumberjack/Default
  - CocoaLumberjack/Swift (3.0.0):
    - CocoaLumberjack/Extensions
  - KeychainAccess (3.0.2)
  - ObjectMapper (2.0.0)
  - SparkSDK (1.1.0):
    - Alamofire (~> 4.0.0)
    - AlamofireObjectMapper (~> 4.0.0)
    - CocoaLumberjack/Swift (~> 3.0.0)
    - KeychainAccess (~> 3.0.0)
    - ObjectMapper (~> 2.0.0)
    - Starscream (~> 2.0.0)
    - SwiftyJSON (~> 3.1.0)
  - Starscream (2.0.4)
  - SwiftyJSON (3.1.4)

DEPENDENCIES:
  - SparkSDK (~> 1.1)

SPEC CHECKSUMS:
  Alamofire: 7682d43245de14874acd142ec137b144aa1dd335
  AlamofireObjectMapper: 9faa3ce5a240efda1b209009a2d6e1e949227abc
  CocoaLumberjack: c823149bccc5519a9447aeb433be7b1212a7d6a5
  KeychainAccess: a986406022dfc7c634c691ad3bec670cc6a32002
  ObjectMapper: aed2570edabbd3c9b26c939e1cabdb6558f933e0
  SparkSDK: f241b3a6dfc03f5af98783d4334f79173eb0203a
  Starscream: df5974ee928b157c8eda8af8de7c620276b7dfcc
  SwiftyJSON: c2842d878f95482ffceec5709abc3d05680c0220

PODFILE CHECKSUM: 7fef97d59dd7157eb47f1923573ef6b2523b8466

COCOAPODS: 1.2.1
